// !$*UTF8*$!
{
	archiveVersion = 1;
	classes = {
	};
	objectVersion = 77;
	objects = {

/* Begin PBXBuildFile section */
		167938314507D90D2CDB87FE /* HomeView.swift in Sources */ = {isa = PBXBuildFile; fileRef = 4E14622A802B2A29CDA3BA7F /* HomeView.swift */; };
		18CA37DCE88876D59B7627DD /* SubscriptionDisplayName.swift in Sources */ = {isa = PBXBuildFile; fileRef = 03517678C546EAC9C26BEC15 /* SubscriptionDisplayName.swift */; };
		218076310AAE63C97E2E88C6 /* AddSubscriptionView.swift in Sources */ = {isa = PBXBuildFile; fileRef = 9404D6E875541D111CC86B60 /* AddSubscriptionView.swift */; };
		2242B185F5717962DAC6C2F6 /* RoutevaTheme.swift in Sources */ = {isa = PBXBuildFile; fileRef = 42242724B2D621DBD499CEE4 /* RoutevaTheme.swift */; };
		24DD1EF311224BCCA2540374 /* RoutevaApp.swift in Sources */ = {isa = PBXBuildFile; fileRef = 26AB64969CF326045FE4DB42 /* RoutevaApp.swift */; };
		4C4D74CF6E42F216FAB47FE7 /* SettingsView.swift in Sources */ = {isa = PBXBuildFile; fileRef = 03B0BCF0846D55772782C627 /* SettingsView.swift */; };
		4CCA90CFD726096C2E0224C9 /* WelcomeView.swift in Sources */ = {isa = PBXBuildFile; fileRef = BCC7D616AB6A59B9EED19274 /* WelcomeView.swift */; };
		87A24186EF7216070167E1C3 /* Subscription.swift in Sources */ = {isa = PBXBuildFile; fileRef = 57C776A4FE5B530D7E72828E /* Subscription.swift */; };
		9430D5AF13CA379AF568602B /* SubscriptionsView.swift in Sources */ = {isa = PBXBuildFile; fileRef = 82525BD8279C06E0D22A0563 /* SubscriptionsView.swift */; };
		A76CE95D31EA05BE3EBE544A /* RootView.swift in Sources */ = {isa = PBXBuildFile; fileRef = 64C0AD84DFF61C9EDE7EBB91 /* RootView.swift */; };
		A77DE9C30C59311DC8538D1B /* AppModel.swift in Sources */ = {isa = PBXBuildFile; fileRef = F81E476BDAB53C80DBFB339F /* AppModel.swift */; };
		ABCD00638E3135EA9F3BEDF3 /* AgentPlaceholderView.swift in Sources */ = {isa = PBXBuildFile; fileRef = 8CC33E7BF03EED078484E653 /* AgentPlaceholderView.swift */; };
		B30C9C1A70F89DD14F06BA83 /* Assets.xcassets in Resources */ = {isa = PBXBuildFile; fileRef = 08A54260482F3F4DEFDCDCA8 /* Assets.xcassets */; };
		B96150D5EBC918CA2200673F /* ConnectionState.swift in Sources */ = {isa = PBXBuildFile; fileRef = 4FE9DB3CA0C4789E87E0A0B0 /* ConnectionState.swift */; };
/* End PBXBuildFile section */

/* Begin PBXFileReference section */
		03517678C546EAC9C26BEC15 /* SubscriptionDisplayName.swift */ = {isa = PBXFileReference; lastKnownFileType = sourcecode.swift; path = SubscriptionDisplayName.swift; sourceTree = "<group>"; };
		03B0BCF0846D55772782C627 /* SettingsView.swift */ = {isa = PBXFileReference; lastKnownFileType = sourcecode.swift; path = SettingsView.swift; sourceTree = "<group>"; };
		08A54260482F3F4DEFDCDCA8 /* Assets.xcassets */ = {isa = PBXFileReference; lastKnownFileType = folder.assetcatalog; path = Assets.xcassets; sourceTree = "<group>"; };
		26AB64969CF326045FE4DB42 /* RoutevaApp.swift */ = {isa = PBXFileReference; lastKnownFileType = sourcecode.swift; path = RoutevaApp.swift; sourceTree = "<group>"; };
		42242724B2D621DBD499CEE4 /* RoutevaTheme.swift */ = {isa = PBXFileReference; lastKnownFileType = sourcecode.swift; path = RoutevaTheme.swift; sourceTree = "<group>"; };
		4E14622A802B2A29CDA3BA7F /* HomeView.swift */ = {isa = PBXFileReference; lastKnownFileType = sourcecode.swift; path = HomeView.swift; sourceTree = "<group>"; };
		4F3CA346980100B31429C1EB /* Routeva.app */ = {isa = PBXFileReference; includeInIndex = 0; lastKnownFileType = wrapper.application; path = Routeva.app; sourceTree = BUILT_PRODUCTS_DIR; };
		4FE9DB3CA0C4789E87E0A0B0 /* ConnectionState.swift */ = {isa = PBXFileReference; lastKnownFileType = sourcecode.swift; path = ConnectionState.swift; sourceTree = "<group>"; };
		57C776A4FE5B530D7E72828E /* Subscription.swift */ = {isa = PBXFileReference; lastKnownFileType = sourcecode.swift; path = Subscription.swift; sourceTree = "<group>"; };
		64C0AD84DFF61C9EDE7EBB91 /* RootView.swift */ = {isa = PBXFileReference; lastKnownFileType = sourcecode.swift; path = RootView.swift; sourceTree = "<group>"; };
		82525BD8279C06E0D22A0563 /* SubscriptionsView.swift */ = {isa = PBXFileReference; lastKnownFileType = sourcecode.swift; path = SubscriptionsView.swift; sourceTree = "<group>"; };
		8CC33E7BF03EED078484E653 /* AgentPlaceholderView.swift */ = {isa = PBXFileReference; lastKnownFileType = sourcecode.swift; path = AgentPlaceholderView.swift; sourceTree = "<group>"; };
		9404D6E875541D111CC86B60 /* AddSubscriptionView.swift */ = {isa = PBXFileReference; lastKnownFileType = sourcecode.swift; path = AddSubscriptionView.swift; sourceTree = "<group>"; };
		BCC7D616AB6A59B9EED19274 /* WelcomeView.swift */ = {isa = PBXFileReference; lastKnownFileType = sourcecode.swift; path = WelcomeView.swift; sourceTree = "<group>"; };
		F81E476BDAB53C80DBFB339F /* AppModel.swift */ = {isa = PBXFileReference; lastKnownFileType = sourcecode.swift; path = AppModel.swift; sourceTree = "<group>"; };
/* End PBXFileReference section */

/* Begin PBXGroup section */
		0C9AE589548BFFF61C87689E /* Agent */ = {
			isa = PBXGroup;
			children = (
				8CC33E7BF03EED078484E653 /* AgentPlaceholderView.swift */,
			);
			path = Agent;
			sourceTree = "<group>";
		};
		113898FC031164EF3D8F9930 /* FirstRun */ = {
			isa = PBXGroup;
			children = (
				9404D6E875541D111CC86B60 /* AddSubscriptionView.swift */,
				BCC7D616AB6A59B9EED19274 /* WelcomeView.swift */,
			);
			path = FirstRun;
			sourceTree = "<group>";
		};
		25CCF4196D24580E4E438920 /* Subscriptions */ = {
			isa = PBXGroup;
			children = (
				82525BD8279C06E0D22A0563 /* SubscriptionsView.swift */,
			);
			path = Subscriptions;
			sourceTree = "<group>";
		};
		2BD4694EDAFA104C131BCD66 /* Routeva */ = {
			isa = PBXGroup;
			children = (
				86E71EEAB8AAE1E3896613A8 /* App */,
				475E6C5241BF07716DFD2D87 /* DesignSystem */,
				444DA074FE60208C1D170877 /* Domain */,
				91AF6A60B677BAC6D4299632 /* Features */,
				08A54260482F3F4DEFDCDCA8 /* Assets.xcassets */,
				26AB64969CF326045FE4DB42 /* RoutevaApp.swift */,
			);
			path = Routeva;
			sourceTree = "<group>";
		};
		444DA074FE60208C1D170877 /* Domain */ = {
			isa = PBXGroup;
			children = (
				4FE9DB3CA0C4789E87E0A0B0 /* ConnectionState.swift */,
				57C776A4FE5B530D7E72828E /* Subscription.swift */,
				03517678C546EAC9C26BEC15 /* SubscriptionDisplayName.swift */,
			);
			path = Domain;
			sourceTree = "<group>";
		};
		475E6C5241BF07716DFD2D87 /* DesignSystem */ = {
			isa = PBXGroup;
			children = (
				42242724B2D621DBD499CEE4 /* RoutevaTheme.swift */,
			);
			path = DesignSystem;
			sourceTree = "<group>";
		};
		86E71EEAB8AAE1E3896613A8 /* App */ = {
			isa = PBXGroup;
			children = (
				F81E476BDAB53C80DBFB339F /* AppModel.swift */,
				64C0AD84DFF61C9EDE7EBB91 /* RootView.swift */,
			);
			path = App;
			sourceTree = "<group>";
		};
		8F52F662A1745BE70DC3DDBE /* Settings */ = {
			isa = PBXGroup;
			children = (
				03B0BCF0846D55772782C627 /* SettingsView.swift */,
			);
			path = Settings;
			sourceTree = "<group>";
		};
		91AF6A60B677BAC6D4299632 /* Features */ = {
			isa = PBXGroup;
			children = (
				0C9AE589548BFFF61C87689E /* Agent */,
				113898FC031164EF3D8F9930 /* FirstRun */,
				A08863D90B3475895EFE6632 /* Home */,
				8F52F662A1745BE70DC3DDBE /* Settings */,
				25CCF4196D24580E4E438920 /* Subscriptions */,
			);
			path = Features;
			sourceTree = "<group>";
		};
		9D11D419C83AE115ADD8CC20 /* Products */ = {
			isa = PBXGroup;
			children = (
				4F3CA346980100B31429C1EB /* Routeva.app */,
			);
			name = Products;
			sourceTree = "<group>";
		};
		A08863D90B3475895EFE6632 /* Home */ = {
			isa = PBXGroup;
			children = (
				4E14622A802B2A29CDA3BA7F /* HomeView.swift */,
			);
			path = Home;
			sourceTree = "<group>";
		};
		C539888D5A85949BA183BAFE = {
			isa = PBXGroup;
			children = (
				2BD4694EDAFA104C131BCD66 /* Routeva */,
				9D11D419C83AE115ADD8CC20 /* Products */,
			);
			sourceTree = "<group>";
		};
/* End PBXGroup section */

/* Begin PBXNativeTarget section */
		45A8F4C8AA3384F3A2C8FF5C /* Routeva */ = {
			isa = PBXNativeTarget;
			buildConfigurationList = 318FDFEA7D775E80F5F0EDA1 /* Build configuration list for PBXNativeTarget "Routeva" */;
			buildPhases = (
				852CD4EB8FA0321B5E117851 /* Sources */,
				2744F0CDD1985657C5C38228 /* Resources */,
			);
			buildRules = (
			);
			dependencies = (
			);
			name = Routeva;
			packageProductDependencies = (
			);
			productName = Routeva;
			productReference = 4F3CA346980100B31429C1EB /* Routeva.app */;
			productType = "com.apple.product-type.application";
		};
/* End PBXNativeTarget section */

/* Begin PBXProject section */
		A41D31EB8403537132F4837C /* Project object */ = {
			isa = PBXProject;
			attributes = {
				BuildIndependentTargetsInParallel = YES;
				LastUpgradeCheck = 1430;
				TargetAttributes = {
					45A8F4C8AA3384F3A2C8FF5C = {
						DevelopmentTeam = "";
						ProvisioningStyle = Automatic;
					};
				};
			};
			buildConfigurationList = EA31AB0479B9857A42A616F5 /* Build configuration list for PBXProject "Routeva" */;
			developmentRegion = en;
			hasScannedForEncodings = 0;
			knownRegions = (
				Base,
				en,
			);
			mainGroup = C539888D5A85949BA183BAFE;
			minimizedProjectReferenceProxies = 1;
			preferredProjectObjectVersion = 77;
			productRefGroup = 9D11D419C83AE115ADD8CC20 /* Products */;
			projectDirPath = "";
			projectRoot = "";
			targets = (
				45A8F4C8AA3384F3A2C8FF5C /* Routeva */,
			);
		};
/* End PBXProject section */

/* Begin PBXResourcesBuildPhase section */
		2744F0CDD1985657C5C38228 /* Resources */ = {
			isa = PBXResourcesBuildPhase;
			buildActionMask = 2147483647;
			files = (
				B30C9C1A70F89DD14F06BA83 /* Assets.xcassets in Resources */,
			);
			runOnlyForDeploymentPostprocessing = 0;
		};
/* End PBXResourcesBuildPhase section */

/* Begin PBXSourcesBuildPhase section */
		852CD4EB8FA0321B5E117851 /* Sources */ = {
			isa = PBXSourcesBuildPhase;
			buildActionMask = 2147483647;
			files = (
				218076310AAE63C97E2E88C6 /* AddSubscriptionView.swift in Sources */,
				ABCD00638E3135EA9F3BEDF3 /* AgentPlaceholderView.swift in Sources */,
				A77DE9C30C59311DC8538D1B /* AppModel.swift in Sources */,
				B96150D5EBC918CA2200673F /* ConnectionState.swift in Sources */,
				167938314507D90D2CDB87FE /* HomeView.swift in Sources */,
				A76CE95D31EA05BE3EBE544A /* RootView.swift in Sources */,
				24DD1EF311224BCCA2540374 /* RoutevaApp.swift in Sources */,
				2242B185F5717962DAC6C2F6 /* RoutevaTheme.swift in Sources */,
				4C4D74CF6E42F216FAB47FE7 /* SettingsView.swift in Sources */,
				87A24186EF7216070167E1C3 /* Subscription.swift in Sources */,
				18CA37DCE88876D59B7627DD /* SubscriptionDisplayName.swift in Sources */,
				9430D5AF13CA379AF568602B /* SubscriptionsView.swift in Sources */,
				4CCA90CFD726096C2E0224C9 /* WelcomeView.swift in Sources */,
			);
			runOnlyForDeploymentPostprocessing = 0;
		};
/* End PBXSourcesBuildPhase section */

/* Begin XCBuildConfiguration section */
		2C11C59CABEA1126FB58193B /* Release */ = {
			isa = XCBuildConfiguration;
			buildSettings = {
				ASSETCATALOG_COMPILER_APPICON_NAME = AppIcon;
				CODE_SIGN_IDENTITY = "iPhone Developer";
				GENERATE_INFOPLIST_FILE = YES;
				INFOPLIST_KEY_CFBundleDisplayName = Routeva;
				INFOPLIST_KEY_UIApplicationSceneManifest_Generation = YES;
				INFOPLIST_KEY_UILaunchScreen_Generation = YES;
				INFOPLIST_KEY_UISupportedInterfaceOrientations = UIInterfaceOrientationPortrait;
				LD_RUNPATH_SEARCH_PATHS = (
					"$(inherited)",
					"@executable_path/Frameworks",
				);
				PRODUCT_BUNDLE_IDENTIFIER = app.routeva.client;
				SDKROOT = iphoneos;
				TARGETED_DEVICE_FAMILY = "1,2";
			};
			name = Release;
		};
		B278C1A0F86C7C86EB217922 /* Debug */ = {
			isa = XCBuildConfiguration;
			buildSettings = {
				ALWAYS_SEARCH_USER_PATHS = NO;
				CLANG_ANALYZER_NONNULL = YES;
				CLANG_ANALYZER_NUMBER_OBJECT_CONVERSION = YES_AGGRESSIVE;
				CLANG_CXX_LANGUAGE_STANDARD = "gnu++14";
				CLANG_CXX_LIBRARY = "libc++";
				CLANG_ENABLE_MODULES = YES;
				CLANG_ENABLE_OBJC_ARC = YES;
				CLANG_ENABLE_OBJC_WEAK = YES;
				CLANG_WARN_BLOCK_CAPTURE_AUTORELEASING = YES;
				CLANG_WARN_BOOL_CONVERSION = YES;
				CLANG_WARN_COMMA = YES;
				CLANG_WARN_CONSTANT_CONVERSION = YES;
				CLANG_WARN_DEPRECATED_OBJC_IMPLEMENTATIONS = YES;
				CLANG_WARN_DIRECT_OBJC_ISA_USAGE = YES_ERROR;
				CLANG_WARN_DOCUMENTATION_COMMENTS = YES;
				CLANG_WARN_EMPTY_BODY = YES;
				CLANG_WARN_ENUM_CONVERSION = YES;
				CLANG_WARN_INFINITE_RECURSION = YES;
				CLANG_WARN_INT_CONVERSION = YES;
				CLANG_WARN_NON_LITERAL_NULL_CONVERSION = YES;
				CLANG_WARN_OBJC_IMPLICIT_RETAIN_SELF = YES;
				CLANG_WARN_OBJC_LITERAL_CONVERSION = YES;
				CLANG_WARN_OBJC_ROOT_CLASS = YES_ERROR;
				CLANG_WARN_QUOTED_INCLUDE_IN_FRAMEWORK_HEADER = YES;
				CLANG_WARN_RANGE_LOOP_ANALYSIS = YES;
				CLANG_WARN_STRICT_PROTOTYPES = YES;
				CLANG_WARN_SUSPICIOUS_MOVE = YES;
				CLANG_WARN_UNGUARDED_AVAILABILITY = YES_AGGRESSIVE;
				CLANG_WARN_UNREACHABLE_CODE = YES;
				CLANG_WARN__DUPLICATE_METHOD_MATCH = YES;
				CODE_SIGN_STYLE = Automatic;
				COPY_PHASE_STRIP = NO;
				CURRENT_PROJECT_VERSION = 1;
				DEBUG_INFORMATION_FORMAT = dwarf;
				DEVELOPMENT_TEAM = "";
				ENABLE_STRICT_OBJC_MSGSEND = YES;
				ENABLE_TESTABILITY = YES;
				GCC_C_LANGUAGE_STANDARD = gnu11;
				GCC_DYNAMIC_NO_PIC = NO;
				GCC_NO_COMMON_BLOCKS = YES;
				GCC_OPTIMIZATION_LEVEL = 0;
				GCC_PREPROCESSOR_DEFINITIONS = (
					"$(inherited)",
					"DEBUG=1",
				);
				GCC_WARN_64_TO_32_BIT_CONVERSION = YES;
				GCC_WARN_ABOUT_RETURN_TYPE = YES_ERROR;
				GCC_WARN_UNDECLARED_SELECTOR = YES;
				GCC_WARN_UNINITIALIZED_AUTOS = YES_AGGRESSIVE;
				GCC_WARN_UNUSED_FUNCTION = YES;
				GCC_WARN_UNUSED_VARIABLE = YES;
				IPHONEOS_DEPLOYMENT_TARGET = 17.0;
				MARKETING_VERSION = 0.1.0;
				MTL_ENABLE_DEBUG_INFO = INCLUDE_SOURCE;
				MTL_FAST_MATH = YES;
				ONLY_ACTIVE_ARCH = YES;
				PRODUCT_NAME = "$(TARGET_NAME)";
				SDKROOT = iphoneos;
				SWIFT_ACTIVE_COMPILATION_CONDITIONS = DEBUG;
				SWIFT_OPTIMIZATION_LEVEL = "-Onone";
				SWIFT_VERSION = 5.0;
				TARGETED_DEVICE_FAMILY = 1;
			};
			name = Debug;
		};
		C61BBFFD49DAC77013114A38 /* Debug */ = {
			isa = XCBuildConfiguration;
			buildSettings = {
				ASSETCATALOG_COMPILER_APPICON_NAME = AppIcon;
				CODE_SIGN_IDENTITY = "iPhone Developer";
				GENERATE_INFOPLIST_FILE = YES;
				INFOPLIST_KEY_CFBundleDisplayName = Routeva;
				INFOPLIST_KEY_UIApplicationSceneManifest_Generation = YES;
				INFOPLIST_KEY_UILaunchScreen_Generation = YES;
				INFOPLIST_KEY_UISupportedInterfaceOrientations = UIInterfaceOrientationPortrait;
				LD_RUNPATH_SEARCH_PATHS = (
					"$(inherited)",
					"@executable_path/Frameworks",
				);
				PRODUCT_BUNDLE_IDENTIFIER = app.routeva.client;
				SDKROOT = iphoneos;
				TARGETED_DEVICE_FAMILY = "1,2";
			};
			name = Debug;
		};
		F2A4B64A1F7A47409C3BBF67 /* Release */ = {
			isa = XCBuildConfiguration;
			buildSettings = {
				ALWAYS_SEARCH_USER_PATHS = NO;
				CLANG_ANALYZER_NONNULL = YES;
				CLANG_ANALYZER_NUMBER_OBJECT_CONVERSION = YES_AGGRESSIVE;
				CLANG_CXX_LANGUAGE_STANDARD = "gnu++14";
				CLANG_CXX_LIBRARY = "libc++";
				CLANG_ENABLE_MODULES = YES;
				CLANG_ENABLE_OBJC_ARC = YES;
				CLANG_ENABLE_OBJC_WEAK = YES;
				CLANG_WARN_BLOCK_CAPTURE_AUTORELEASING = YES;
				CLANG_WARN_BOOL_CONVERSION = YES;
				CLANG_WARN_COMMA = YES;
				CLANG_WARN_CONSTANT_CONVERSION = YES;
				CLANG_WARN_DEPRECATED_OBJC_IMPLEMENTATIONS = YES;
				CLANG_WARN_DIRECT_OBJC_ISA_USAGE = YES_ERROR;
				CLANG_WARN_DOCUMENTATION_COMMENTS = YES;
				CLANG_WARN_EMPTY_BODY = YES;
				CLANG_WARN_ENUM_CONVERSION = YES;
				CLANG_WARN_INFINITE_RECURSION = YES;
				CLANG_WARN_INT_CONVERSION = YES;
				CLANG_WARN_NON_LITERAL_NULL_CONVERSION = YES;
				CLANG_WARN_OBJC_IMPLICIT_RETAIN_SELF = YES;
				CLANG_WARN_OBJC_LITERAL_CONVERSION = YES;
				CLANG_WARN_OBJC_ROOT_CLASS = YES_ERROR;
				CLANG_WARN_QUOTED_INCLUDE_IN_FRAMEWORK_HEADER = YES;
				CLANG_WARN_RANGE_LOOP_ANALYSIS = YES;
				CLANG_WARN_STRICT_PROTOTYPES = YES;
				CLANG_WARN_SUSPICIOUS_MOVE = YES;
				CLANG_WARN_UNGUARDED_AVAILABILITY = YES_AGGRESSIVE;
				CLANG_WARN_UNREACHABLE_CODE = YES;
				CLANG_WARN__DUPLICATE_METHOD_MATCH = YES;
				CODE_SIGN_STYLE = Automatic;
				COPY_PHASE_STRIP = NO;
				CURRENT_PROJECT_VERSION = 1;
				DEBUG_INFORMATION_FORMAT = "dwarf-with-dsym";
				DEVELOPMENT_TEAM = "";
				ENABLE_NS_ASSERTIONS = NO;
				ENABLE_STRICT_OBJC_MSGSEND = YES;
				GCC_C_LANGUAGE_STANDARD = gnu11;
				GCC_NO_COMMON_BLOCKS = YES;
				GCC_WARN_64_TO_32_BIT_CONVERSION = YES;
				GCC_WARN_ABOUT_RETURN_TYPE = YES_ERROR;
				GCC_WARN_UNDECLARED_SELECTOR = YES;
				GCC_WARN_UNINITIALIZED_AUTOS = YES_AGGRESSIVE;
				GCC_WARN_UNUSED_FUNCTION = YES;
				GCC_WARN_UNUSED_VARIABLE = YES;
				IPHONEOS_DEPLOYMENT_TARGET = 17.0;
				MARKETING_VERSION = 0.1.0;
				MTL_ENABLE_DEBUG_INFO = NO;
				MTL_FAST_MATH = YES;
				PRODUCT_NAME = "$(TARGET_NAME)";
				SDKROOT = iphoneos;
				SWIFT_COMPILATION_MODE = wholemodule;
				SWIFT_OPTIMIZATION_LEVEL = "-O";
				SWIFT_VERSION = 5.0;
				TARGETED_DEVICE_FAMILY = 1;
			};
			name = Release;
		};
/* End XCBuildConfiguration section */

/* Begin XCConfigurationList section */
		318FDFEA7D775E80F5F0EDA1 /* Build configuration list for PBXNativeTarget "Routeva" */ = {
			isa = XCConfigurationList;
			buildConfigurations = (
				C61BBFFD49DAC77013114A38 /* Debug */,
				2C11C59CABEA1126FB58193B /* Release */,
			);
			defaultConfigurationIsVisible = 0;
			defaultConfigurationName = Debug;
		};
		EA31AB0479B9857A42A616F5 /* Build configuration list for PBXProject "Routeva" */ = {
			isa = XCConfigurationList;
			buildConfigurations = (
				B278C1A0F86C7C86EB217922 /* Debug */,
				F2A4B64A1F7A47409C3BBF67 /* Release */,
			);
			defaultConfigurationIsVisible = 0;
			defaultConfigurationName = Debug;
		};
/* End XCConfigurationList section */
	};
	rootObject = A41D31EB8403537132F4837C /* Project object */;
}
